github.com/ayush-3393/dog v0.0.0-20250417175058-6c50ca826d93 h1:4iGGcjyE14YT21B92/wgmif1Qs0rlXXZWNc7EXwNT34=
github.com/ayush-3393/dog v0.0.0-20250417175058-6c50ca826d93/go.mod h1:1SiYqhjLzvYpPDhiQyYFPy4ewhpVWJop2y1Dc6QikAg=
github.com/ayush-3393/puppy v0.0.0-20250416162236-8c49f26edc43 h1:/H1sEooLFMkWbi+ZncjBuYsnRsia6eSBXM8oojxNJjk=
github.com/ayush-3393/puppy v0.0.0-20250416162236-8c49f26edc43/go.mod h1://9zh7EP9b1Ziy9DqoR2rTOGz6U7hif8NZBJfnSiWnk=
github.com/ayush-3393/puppy v0.0.0-20250417175713-61fc95645875 h1:4Z/RDJoKvaENgmioBvZnvLOvkwhh5L0ThL90F3tv2AY=
github.com/ayush-3393/puppy v0.0.0-20250417175713-61fc95645875/go.mod h1:dO9W6p6n9L398F/3ynq/yUPq1xlMyk2oKK+79JGcvBY=
